
Microsoft Visual Studio Solution File, Format Version 12.00
# Visual Studio Version 17
VisualStudioVersion = 17.10.35027.167
MinimumVisualStudioVersion = 10.0.40219.1
Project("{8BC9CEB8-8B4A-11D0-8D11-00A0C91BC942}") = "Dx12LibExt", "Dx12LibExt\Dx12LibExt.vcxproj", "{6F980F26-4254-4A80-BBE7-6B4C47F3BFC1}"
EndProject
Project("{8BC9CEB8-8B4A-11D0-8D11-00A0C91BC942}") = "Dx12Sample", "Dx12Sample\Dx12Sample.vcxproj", "{FF32635D-31B6-4043-BA2D-58F8C3A55E53}"
	ProjectSection(ProjectDependencies) = postProject
		{6F980F26-4254-4A80-BBE7-6B4C47F3BFC1} = {6F980F26-4254-4A80-BBE7-6B4C47F3BFC1}
	EndProjectSection
EndProject
Global
	GlobalSection(SolutionConfigurationPlatforms) = preSolution
		Debug|x64 = Debug|x64
		Debug|x86 = Debug|x86
		Release|x64 = Release|x64
		Release|x86 = Release|x86
	EndGlobalSection
	GlobalSection(ProjectConfigurationPlatforms) = postSolution
		{6F980F26-4254-4A80-BBE7-6B4C47F3BFC1}.Debug|x64.ActiveCfg = Debug|x64
		{6F980F26-4254-4A80-BBE7-6B4C47F3BFC1}.Debug|x64.Build.0 = Debug|x64
		{6F980F26-4254-4A80-BBE7-6B4C47F3BFC1}.Debug|x86.ActiveCfg = Debug|Win32
		{6F980F26-4254-4A80-BBE7-6B4C47F3BFC1}.Debug|x86.Build.0 = Debug|Win32
		{6F980F26-4254-4A80-BBE7-6B4C47F3BFC1}.Release|x64.ActiveCfg = Release|x64
		{6F980F26-4254-4A80-BBE7-6B4C47F3BFC1}.Release|x64.Build.0 = Release|x64
		{6F980F26-4254-4A80-BBE7-6B4C47F3BFC1}.Release|x86.ActiveCfg = Release|Win32
		{6F980F26-4254-4A80-BBE7-6B4C47F3BFC1}.Release|x86.Build.0 = Release|Win32
		{FF32635D-31B6-4043-BA2D-58F8C3A55E53}.Debug|x64.ActiveCfg = Debug|x64
		{FF32635D-31B6-4043-BA2D-58F8C3A55E53}.Debug|x64.Build.0 = Debug|x64
		{FF32635D-31B6-4043-BA2D-58F8C3A55E53}.Debug|x86.ActiveCfg = Debug|Win32
		{FF32635D-31B6-4043-BA2D-58F8C3A55E53}.Debug|x86.Build.0 = Debug|Win32
		{FF32635D-31B6-4043-BA2D-58F8C3A55E53}.Release|x64.ActiveCfg = Release|x64
		{FF32635D-31B6-4043-BA2D-58F8C3A55E53}.Release|x64.Build.0 = Release|x64
		{FF32635D-31B6-4043-BA2D-58F8C3A55E53}.Release|x86.ActiveCfg = Release|Win32
		{FF32635D-31B6-4043-BA2D-58F8C3A55E53}.Release|x86.Build.0 = Release|Win32
	EndGlobalSection
	GlobalSection(SolutionProperties) = preSolution
		HideSolutionNode = FALSE
	EndGlobalSection
	GlobalSection(ExtensibilityGlobals) = postSolution
		SolutionGuid = {6F2437AC-D0C1-4493-A4DA-F73A07E4DC10}
	EndGlobalSection
EndGlobal
